
Microsoft Visual Studio Solution File, Format Version 12.00
# Visual Studio 2013
VisualStudioVersion = 12.0.40629.0
MinimumVisualStudioVersion = 10.0.40219.1
Project("{FAE04EC0-301F-11D3-BF4B-00C04F79EFBC}") = "CHSAuction", "CHSAuction\CHSAuction.csproj", "{F0EC22B5-66AF-4851-BF49-D62137C8FD68}"
EndProject
Project("{FAE04EC0-301F-11D3-BF4B-00C04F79EFBC}") = "CHSAuction.Tests", "CHSAuction.Tests\CHSAuction.Tests.csproj", "{86ADCC07-6FDC-4F39-8B5D-93EAC900A2A7}"
EndProject
Global
	GlobalSection(SolutionConfigurationPlatforms) = preSolution
		Debug|Any CPU = Debug|Any CPU
		Release|Any CPU = Release|Any CPU
	EndGlobalSection
	GlobalSection(ProjectConfigurationPlatforms) = postSolution
		{F0EC22B5-66AF-4851-BF49-D62137C8FD68}.Debug|Any CPU.ActiveCfg = Debug|Any CPU
		{F0EC22B5-66AF-4851-BF49-D62137C8FD68}.Debug|Any CPU.Build.0 = Debug|Any CPU
		{F0EC22B5-66AF-4851-BF49-D62137C8FD68}.Release|Any CPU.ActiveCfg = Release|Any CPU
		{F0EC22B5-66AF-4851-BF49-D62137C8FD68}.Release|Any CPU.Build.0 = Release|Any CPU
		{86ADCC07-6FDC-4F39-8B5D-93EAC900A2A7}.Debug|Any CPU.ActiveCfg = Debug|Any CPU
		{86ADCC07-6FDC-4F39-8B5D-93EAC900A2A7}.Debug|Any CPU.Build.0 = Debug|Any CPU
		{86ADCC07-6FDC-4F39-8B5D-93EAC900A2A7}.Release|Any CPU.ActiveCfg = Release|Any CPU
		{86ADCC07-6FDC-4F39-8B5D-93EAC900A2A7}.Release|Any CPU.Build.0 = Release|Any CPU
	EndGlobalSection
	GlobalSection(SolutionProperties) = preSolution
		HideSolutionNode = FALSE
	EndGlobalSection
EndGlobal
